// !$*UTF8*$!
{
	archiveVersion = 1;
	classes = {
	};
	objectVersion = 56;
	objects = {

/* Begin PBXBuildFile section */
		CBD2E10B2B766196008A108A /* FavoritesCollectionViewCell.swift in Sources */ = {isa = PBXBuildFile; fileRef = CBD2E10A2B766196008A108A /* FavoritesCollectionViewCell.swift */; };
		CBD2E12E2B8524E5008A108A /* UserDefaults.swift in Sources */ = {isa = PBXBuildFile; fileRef = CBD2E12D2B8524E5008A108A /* UserDefaults.swift */; };
		CBF00C5D2B6BFBE9009225C9 /* AppDelegate.swift in Sources */ = {isa = PBXBuildFile; fileRef = CBF00C5C2B6BFBE9009225C9 /* AppDelegate.swift */; };
		CBF00C5F2B6BFBE9009225C9 /* SceneDelegate.swift in Sources */ = {isa = PBXBuildFile; fileRef = CBF00C5E2B6BFBE9009225C9 /* SceneDelegate.swift */; };
		CBF00C612B6BFBE9009225C9 /* PhotosVC.swift in Sources */ = {isa = PBXBuildFile; fileRef = CBF00C602B6BFBE9009225C9 /* PhotosVC.swift */; };
		CBF00C662B6BFBEC009225C9 /* Assets.xcassets in Resources */ = {isa = PBXBuildFile; fileRef = CBF00C652B6BFBEC009225C9 /* Assets.xcassets */; };
		CBF00C692B6BFBEC009225C9 /* LaunchScreen.storyboard in Resources */ = {isa = PBXBuildFile; fileRef = CBF00C672B6BFBEC009225C9 /* LaunchScreen.storyboard */; };
		CBF00C722B6C0571009225C9 /* TabBarControlller.swift in Sources */ = {isa = PBXBuildFile; fileRef = CBF00C712B6C0571009225C9 /* TabBarControlller.swift */; };
		CBF00C742B6C0DC7009225C9 /* FavoritesVC.swift in Sources */ = {isa = PBXBuildFile; fileRef = CBF00C732B6C0DC7009225C9 /* FavoritesVC.swift */; };
		CBF00C782B6C1060009225C9 /* SnapKit in Frameworks */ = {isa = PBXBuildFile; productRef = CBF00C772B6C1060009225C9 /* SnapKit */; };
		CBF00C7A2B6FAF08009225C9 /* NetworkService.swift in Sources */ = {isa = PBXBuildFile; fileRef = CBF00C792B6FAF08009225C9 /* NetworkService.swift */; };
		CBF00C7D2B70023D009225C9 /* NetworkDataFetcher.swift in Sources */ = {isa = PBXBuildFile; fileRef = CBF00C7C2B70023D009225C9 /* NetworkDataFetcher.swift */; };
		CBF00C822B70031F009225C9 /* SearchResults.swift in Sources */ = {isa = PBXBuildFile; fileRef = CBF00C812B70031F009225C9 /* SearchResults.swift */; };
		CBF00C842B711A44009225C9 /* PhotosCollectionViewCell.swift in Sources */ = {isa = PBXBuildFile; fileRef = CBF00C832B711A44009225C9 /* PhotosCollectionViewCell.swift */; };
		CBF00C872B72456A009225C9 /* SDWebImage in Frameworks */ = {isa = PBXBuildFile; productRef = CBF00C862B72456A009225C9 /* SDWebImage */; };
/* End PBXBuildFile section */

/* Begin PBXFileReference section */
		CBD2E10A2B766196008A108A /* FavoritesCollectionViewCell.swift */ = {isa = PBXFileReference; lastKnownFileType = sourcecode.swift; path = FavoritesCollectionViewCell.swift; sourceTree = "<group>"; };
		CBD2E12D2B8524E5008A108A /* UserDefaults.swift */ = {isa = PBXFileReference; lastKnownFileType = sourcecode.swift; path = UserDefaults.swift; sourceTree = "<group>"; };
		CBF00C592B6BFBE9009225C9 /* PhotosGallery.app */ = {isa = PBXFileReference; explicitFileType = wrapper.application; includeInIndex = 0; path = PhotosGallery.app; sourceTree = BUILT_PRODUCTS_DIR; };
		CBF00C5C2B6BFBE9009225C9 /* AppDelegate.swift */ = {isa = PBXFileReference; lastKnownFileType = sourcecode.swift; path = AppDelegate.swift; sourceTree = "<group>"; };
		CBF00C5E2B6BFBE9009225C9 /* SceneDelegate.swift */ = {isa = PBXFileReference; lastKnownFileType = sourcecode.swift; path = SceneDelegate.swift; sourceTree = "<group>"; };
		CBF00C602B6BFBE9009225C9 /* PhotosVC.swift */ = {isa = PBXFileReference; lastKnownFileType = sourcecode.swift; path = PhotosVC.swift; sourceTree = "<group>"; };
		CBF00C652B6BFBEC009225C9 /* Assets.xcassets */ = {isa = PBXFileReference; lastKnownFileType = folder.assetcatalog; path = Assets.xcassets; sourceTree = "<group>"; };
		CBF00C682B6BFBEC009225C9 /* Base */ = {isa = PBXFileReference; lastKnownFileType = file.storyboard; name = Base; path = Base.lproj/LaunchScreen.storyboard; sourceTree = "<group>"; };
		CBF00C6A2B6BFBEC009225C9 /* Info.plist */ = {isa = PBXFileReference; lastKnownFileType = text.plist.xml; path = Info.plist; sourceTree = "<group>"; };
		CBF00C712B6C0571009225C9 /* TabBarControlller.swift */ = {isa = PBXFileReference; lastKnownFileType = sourcecode.swift; path = TabBarControlller.swift; sourceTree = "<group>"; };
		CBF00C732B6C0DC7009225C9 /* FavoritesVC.swift */ = {isa = PBXFileReference; lastKnownFileType = sourcecode.swift; path = FavoritesVC.swift; sourceTree = "<group>"; };
		CBF00C792B6FAF08009225C9 /* NetworkService.swift */ = {isa = PBXFileReference; lastKnownFileType = sourcecode.swift; path = NetworkService.swift; sourceTree = "<group>"; };
		CBF00C7C2B70023D009225C9 /* NetworkDataFetcher.swift */ = {isa = PBXFileReference; lastKnownFileType = sourcecode.swift; path = NetworkDataFetcher.swift; sourceTree = "<group>"; };
		CBF00C812B70031F009225C9 /* SearchResults.swift */ = {isa = PBXFileReference; lastKnownFileType = sourcecode.swift; path = SearchResults.swift; sourceTree = "<group>"; };
		CBF00C832B711A44009225C9 /* PhotosCollectionViewCell.swift */ = {isa = PBXFileReference; lastKnownFileType = sourcecode.swift; path = PhotosCollectionViewCell.swift; sourceTree = "<group>"; };
/* End PBXFileReference section */

/* Begin PBXFrameworksBuildPhase section */
		CBF00C562B6BFBE9009225C9 /* Frameworks */ = {
			isa = PBXFrameworksBuildPhase;
			buildActionMask = 2147483647;
			files = (
				CBF00C872B72456A009225C9 /* SDWebImage in Frameworks */,
				CBF00C782B6C1060009225C9 /* SnapKit in Frameworks */,
			);
			runOnlyForDeploymentPostprocessing = 0;
		};
/* End PBXFrameworksBuildPhase section */

/* Begin PBXGroup section */
		CBD2E10F2B7E7460008A108A /* Views */ = {
			isa = PBXGroup;
			children = (
				CBF00C832B711A44009225C9 /* PhotosCollectionViewCell.swift */,
				CBD2E10A2B766196008A108A /* FavoritesCollectionViewCell.swift */,
			);
			path = Views;
			sourceTree = "<group>";
		};
		CBD2E12C2B8524CC008A108A /* Extensions */ = {
			isa = PBXGroup;
			children = (
				CBD2E12D2B8524E5008A108A /* UserDefaults.swift */,
			);
			path = Extensions;
			sourceTree = "<group>";
		};
		CBF00C502B6BFBE9009225C9 = {
			isa = PBXGroup;
			children = (
				CBF00C5B2B6BFBE9009225C9 /* PhotosGallery */,
				CBF00C5A2B6BFBE9009225C9 /* Products */,
			);
			sourceTree = "<group>";
		};
		CBF00C5A2B6BFBE9009225C9 /* Products */ = {
			isa = PBXGroup;
			children = (
				CBF00C592B6BFBE9009225C9 /* PhotosGallery.app */,
			);
			name = Products;
			sourceTree = "<group>";
		};
		CBF00C5B2B6BFBE9009225C9 /* PhotosGallery */ = {
			isa = PBXGroup;
			children = (
				CBD2E12C2B8524CC008A108A /* Extensions */,
				CBF00C7B2B6FD544009225C9 /* Networking */,
				CBF00C802B7002EB009225C9 /* Models */,
				CBD2E10F2B7E7460008A108A /* Views */,
				CBF00C752B6C0DE5009225C9 /* Controllers */,
				CBF00C702B6BFDAB009225C9 /* Supporting */,
				CBF00C6A2B6BFBEC009225C9 /* Info.plist */,
			);
			path = PhotosGallery;
			sourceTree = "<group>";
		};
		CBF00C702B6BFDAB009225C9 /* Supporting */ = {
			isa = PBXGroup;
			children = (
				CBF00C5C2B6BFBE9009225C9 /* AppDelegate.swift */,
				CBF00C5E2B6BFBE9009225C9 /* SceneDelegate.swift */,
				CBF00C652B6BFBEC009225C9 /* Assets.xcassets */,
				CBF00C672B6BFBEC009225C9 /* LaunchScreen.storyboard */,
			);
			path = Supporting;
			sourceTree = "<group>";
		};
		CBF00C752B6C0DE5009225C9 /* Controllers */ = {
			isa = PBXGroup;
			children = (
				CBF00C712B6C0571009225C9 /* TabBarControlller.swift */,
				CBF00C602B6BFBE9009225C9 /* PhotosVC.swift */,
				CBF00C732B6C0DC7009225C9 /* FavoritesVC.swift */,
			);
			path = Controllers;
			sourceTree = "<group>";
		};
		CBF00C7B2B6FD544009225C9 /* Networking */ = {
			isa = PBXGroup;
			children = (
				CBF00C792B6FAF08009225C9 /* NetworkService.swift */,
				CBF00C7C2B70023D009225C9 /* NetworkDataFetcher.swift */,
			);
			path = Networking;
			sourceTree = "<group>";
		};
		CBF00C802B7002EB009225C9 /* Models */ = {
			isa = PBXGroup;
			children = (
				CBF00C812B70031F009225C9 /* SearchResults.swift */,
			);
			path = Models;
			sourceTree = "<group>";
		};
/* End PBXGroup section */

/* Begin PBXNativeTarget section */
		CBF00C582B6BFBE9009225C9 /* PhotosGallery */ = {
			isa = PBXNativeTarget;
			buildConfigurationList = CBF00C6D2B6BFBEC009225C9 /* Build configuration list for PBXNativeTarget "PhotosGallery" */;
			buildPhases = (
				CBF00C552B6BFBE9009225C9 /* Sources */,
				CBF00C562B6BFBE9009225C9 /* Frameworks */,
				CBF00C572B6BFBE9009225C9 /* Resources */,
			);
			buildRules = (
			);
			dependencies = (
			);
			name = PhotosGallery;
			packageProductDependencies = (
				CBF00C772B6C1060009225C9 /* SnapKit */,
				CBF00C862B72456A009225C9 /* SDWebImage */,
			);
			productName = PhotosGallery;
			productReference = CBF00C592B6BFBE9009225C9 /* PhotosGallery.app */;
			productType = "com.apple.product-type.application";
		};
/* End PBXNativeTarget section */

/* Begin PBXProject section */
		CBF00C512B6BFBE9009225C9 /* Project object */ = {
			isa = PBXProject;
			attributes = {
				BuildIndependentTargetsInParallel = 1;
				LastSwiftUpdateCheck = 1400;
				LastUpgradeCheck = 1400;
				TargetAttributes = {
					CBF00C582B6BFBE9009225C9 = {
						CreatedOnToolsVersion = 14.0.1;
					};
				};
			};
			buildConfigurationList = CBF00C542B6BFBE9009225C9 /* Build configuration list for PBXProject "PhotosGallery" */;
			compatibilityVersion = "Xcode 14.0";
			developmentRegion = en;
			hasScannedForEncodings = 0;
			knownRegions = (
				en,
				Base,
			);
			mainGroup = CBF00C502B6BFBE9009225C9;
			packageReferences = (
				CBF00C762B6C1060009225C9 /* XCRemoteSwiftPackageReference "SnapKit" */,
				CBF00C852B72456A009225C9 /* XCRemoteSwiftPackageReference "SDWebImage" */,
			);
			productRefGroup = CBF00C5A2B6BFBE9009225C9 /* Products */;
			projectDirPath = "";
			projectRoot = "";
			targets = (
				CBF00C582B6BFBE9009225C9 /* PhotosGallery */,
			);
		};
/* End PBXProject section */

/* Begin PBXResourcesBuildPhase section */
		CBF00C572B6BFBE9009225C9 /* Resources */ = {
			isa = PBXResourcesBuildPhase;
			buildActionMask = 2147483647;
			files = (
				CBF00C692B6BFBEC009225C9 /* LaunchScreen.storyboard in Resources */,
				CBF00C662B6BFBEC009225C9 /* Assets.xcassets in Resources */,
			);
			runOnlyForDeploymentPostprocessing = 0;
		};
/* End PBXResourcesBuildPhase section */

/* Begin PBXSourcesBuildPhase section */
		CBF00C552B6BFBE9009225C9 /* Sources */ = {
			isa = PBXSourcesBuildPhase;
			buildActionMask = 2147483647;
			files = (
				CBF00C7D2B70023D009225C9 /* NetworkDataFetcher.swift in Sources */,
				CBF00C612B6BFBE9009225C9 /* PhotosVC.swift in Sources */,
				CBF00C842B711A44009225C9 /* PhotosCollectionViewCell.swift in Sources */,
				CBF00C822B70031F009225C9 /* SearchResults.swift in Sources */,
				CBF00C5D2B6BFBE9009225C9 /* AppDelegate.swift in Sources */,
				CBF00C722B6C0571009225C9 /* TabBarControlller.swift in Sources */,
				CBF00C742B6C0DC7009225C9 /* FavoritesVC.swift in Sources */,
				CBF00C7A2B6FAF08009225C9 /* NetworkService.swift in Sources */,
				CBD2E10B2B766196008A108A /* FavoritesCollectionViewCell.swift in Sources */,
				CBD2E12E2B8524E5008A108A /* UserDefaults.swift in Sources */,
				CBF00C5F2B6BFBE9009225C9 /* SceneDelegate.swift in Sources */,
			);
			runOnlyForDeploymentPostprocessing = 0;
		};
/* End PBXSourcesBuildPhase section */

/* Begin PBXVariantGroup section */
		CBF00C672B6BFBEC009225C9 /* LaunchScreen.storyboard */ = {
			isa = PBXVariantGroup;
			children = (
				CBF00C682B6BFBEC009225C9 /* Base */,
			);
			name = LaunchScreen.storyboard;
			sourceTree = "<group>";
		};
/* End PBXVariantGroup section */

/* Begin XCBuildConfiguration section */
		CBF00C6B2B6BFBEC009225C9 /* Debug */ = {
			isa = XCBuildConfiguration;
			buildSettings = {
				ALWAYS_SEARCH_USER_PATHS = NO;
				CLANG_ANALYZER_NONNULL = YES;
				CLANG_ANALYZER_NUMBER_OBJECT_CONVERSION = YES_AGGRESSIVE;
				CLANG_CXX_LANGUAGE_STANDARD = "gnu++20";
				CLANG_ENABLE_MODULES = YES;
				CLANG_ENABLE_OBJC_ARC = YES;
				CLANG_ENABLE_OBJC_WEAK = YES;
				CLANG_WARN_BLOCK_CAPTURE_AUTORELEASING = YES;
				CLANG_WARN_BOOL_CONVERSION = YES;
				CLANG_WARN_COMMA = YES;
				CLANG_WARN_CONSTANT_CONVERSION = YES;
				CLANG_WARN_DEPRECATED_OBJC_IMPLEMENTATIONS = YES;
				CLANG_WARN_DIRECT_OBJC_ISA_USAGE = YES_ERROR;
				CLANG_WARN_DOCUMENTATION_COMMENTS = YES;
				CLANG_WARN_EMPTY_BODY = YES;
				CLANG_WARN_ENUM_CONVERSION = YES;
				CLANG_WARN_INFINITE_RECURSION = YES;
				CLANG_WARN_INT_CONVERSION = YES;
				CLANG_WARN_NON_LITERAL_NULL_CONVERSION = YES;
				CLANG_WARN_OBJC_IMPLICIT_RETAIN_SELF = YES;
				CLANG_WARN_OBJC_LITERAL_CONVERSION = YES;
				CLANG_WARN_OBJC_ROOT_CLASS = YES_ERROR;
				CLANG_WARN_QUOTED_INCLUDE_IN_FRAMEWORK_HEADER = YES;
				CLANG_WARN_RANGE_LOOP_ANALYSIS = YES;
				CLANG_WARN_STRICT_PROTOTYPES = YES;
				CLANG_WARN_SUSPICIOUS_MOVE = YES;
				CLANG_WARN_UNGUARDED_AVAILABILITY = YES_AGGRESSIVE;
				CLANG_WARN_UNREACHABLE_CODE = YES;
				CLANG_WARN__DUPLICATE_METHOD_MATCH = YES;
				COPY_PHASE_STRIP = NO;
				DEBUG_INFORMATION_FORMAT = dwarf;
				ENABLE_STRICT_OBJC_MSGSEND = YES;
				ENABLE_TESTABILITY = YES;
				GCC_C_LANGUAGE_STANDARD = gnu11;
				GCC_DYNAMIC_NO_PIC = NO;
				GCC_NO_COMMON_BLOCKS = YES;
				GCC_OPTIMIZATION_LEVEL = 0;
				GCC_PREPROCESSOR_DEFINITIONS = (
					"DEBUG=1",
					"$(inherited)",
				);
				GCC_WARN_64_TO_32_BIT_CONVERSION = YES;
				GCC_WARN_ABOUT_RETURN_TYPE = YES_ERROR;
				GCC_WARN_UNDECLARED_SELECTOR = YES;
				GCC_WARN_UNINITIALIZED_AUTOS = YES_AGGRESSIVE;
				GCC_WARN_UNUSED_FUNCTION = YES;
				GCC_WARN_UNUSED_VARIABLE = YES;
				IPHONEOS_DEPLOYMENT_TARGET = 16.0;
				MTL_ENABLE_DEBUG_INFO = INCLUDE_SOURCE;
				MTL_FAST_MATH = YES;
				ONLY_ACTIVE_ARCH = YES;
				SDKROOT = iphoneos;
				SWIFT_ACTIVE_COMPILATION_CONDITIONS = DEBUG;
				SWIFT_OPTIMIZATION_LEVEL = "-Onone";
			};
			name = Debug;
		};
		CBF00C6C2B6BFBEC009225C9 /* Release */ = {
			isa = XCBuildConfiguration;
			buildSettings = {
				ALWAYS_SEARCH_USER_PATHS = NO;
				CLANG_ANALYZER_NONNULL = YES;
				CLANG_ANALYZER_NUMBER_OBJECT_CONVERSION = YES_AGGRESSIVE;
				CLANG_CXX_LANGUAGE_STANDARD = "gnu++20";
				CLANG_ENABLE_MODULES = YES;
				CLANG_ENABLE_OBJC_ARC = YES;
				CLANG_ENABLE_OBJC_WEAK = YES;
				CLANG_WARN_BLOCK_CAPTURE_AUTORELEASING = YES;
				CLANG_WARN_BOOL_CONVERSION = YES;
				CLANG_WARN_COMMA = YES;
				CLANG_WARN_CONSTANT_CONVERSION = YES;
				CLANG_WARN_DEPRECATED_OBJC_IMPLEMENTATIONS = YES;
				CLANG_WARN_DIRECT_OBJC_ISA_USAGE = YES_ERROR;
				CLANG_WARN_DOCUMENTATION_COMMENTS = YES;
				CLANG_WARN_EMPTY_BODY = YES;
				CLANG_WARN_ENUM_CONVERSION = YES;
				CLANG_WARN_INFINITE_RECURSION = YES;
				CLANG_WARN_INT_CONVERSION = YES;
				CLANG_WARN_NON_LITERAL_NULL_CONVERSION = YES;
				CLANG_WARN_OBJC_IMPLICIT_RETAIN_SELF = YES;
				CLANG_WARN_OBJC_LITERAL_CONVERSION = YES;
				CLANG_WARN_OBJC_ROOT_CLASS = YES_ERROR;
				CLANG_WARN_QUOTED_INCLUDE_IN_FRAMEWORK_HEADER = YES;
				CLANG_WARN_RANGE_LOOP_ANALYSIS = YES;
				CLANG_WARN_STRICT_PROTOTYPES = YES;
				CLANG_WARN_SUSPICIOUS_MOVE = YES;
				CLANG_WARN_UNGUARDED_AVAILABILITY = YES_AGGRESSIVE;
				CLANG_WARN_UNREACHABLE_CODE = YES;
				CLANG_WARN__DUPLICATE_METHOD_MATCH = YES;
				COPY_PHASE_STRIP = NO;
				DEBUG_INFORMATION_FORMAT = "dwarf-with-dsym";
				ENABLE_NS_ASSERTIONS = NO;
				ENABLE_STRICT_OBJC_MSGSEND = YES;
				GCC_C_LANGUAGE_STANDARD = gnu11;
				GCC_NO_COMMON_BLOCKS = YES;
				GCC_WARN_64_TO_32_BIT_CONVERSION = YES;
				GCC_WARN_ABOUT_RETURN_TYPE = YES_ERROR;
				GCC_WARN_UNDECLARED_SELECTOR = YES;
				GCC_WARN_UNINITIALIZED_AUTOS = YES_AGGRESSIVE;
				GCC_WARN_UNUSED_FUNCTION = YES;
				GCC_WARN_UNUSED_VARIABLE = YES;
				IPHONEOS_DEPLOYMENT_TARGET = 16.0;
				MTL_ENABLE_DEBUG_INFO = NO;
				MTL_FAST_MATH = YES;
				SDKROOT = iphoneos;
				SWIFT_COMPILATION_MODE = wholemodule;
				SWIFT_OPTIMIZATION_LEVEL = "-O";
				VALIDATE_PRODUCT = YES;
			};
			name = Release;
		};
		CBF00C6E2B6BFBEC009225C9 /* Debug */ = {
			isa = XCBuildConfiguration;
			buildSettings = {
				ASSETCATALOG_COMPILER_APPICON_NAME = AppIcon;
				ASSETCATALOG_COMPILER_GLOBAL_ACCENT_COLOR_NAME = AccentColor;
				CODE_SIGN_STYLE = Automatic;
				CURRENT_PROJECT_VERSION = 1;
				DEVELOPMENT_TEAM = V2P7SXQF84;
				GENERATE_INFOPLIST_FILE = YES;
				INFOPLIST_FILE = PhotosGallery/Info.plist;
				INFOPLIST_KEY_UIApplicationSupportsIndirectInputEvents = YES;
				INFOPLIST_KEY_UILaunchStoryboardName = LaunchScreen;
				INFOPLIST_KEY_UISupportedInterfaceOrientations_iPad = "UIInterfaceOrientationPortrait UIInterfaceOrientationPortraitUpsideDown UIInterfaceOrientationLandscapeLeft UIInterfaceOrientationLandscapeRight";
				INFOPLIST_KEY_UISupportedInterfaceOrientations_iPhone = "UIInterfaceOrientationPortrait UIInterfaceOrientationLandscapeLeft UIInterfaceOrientationLandscapeRight";
				IPHONEOS_DEPLOYMENT_TARGET = 15.0;
				LD_RUNPATH_SEARCH_PATHS = (
					"$(inherited)",
					"@executable_path/Frameworks",
				);
				MARKETING_VERSION = 1.0;
				PRODUCT_BUNDLE_IDENTIFIER = rapic.PhotosGallery;
				PRODUCT_NAME = "$(TARGET_NAME)";
				SUPPORTED_PLATFORMS = "iphoneos iphonesimulator";
				SUPPORTS_MACCATALYST = NO;
				SUPPORTS_MAC_DESIGNED_FOR_IPHONE_IPAD = NO;
				SWIFT_EMIT_LOC_STRINGS = YES;
				SWIFT_VERSION = 5.0;
				TARGETED_DEVICE_FAMILY = 1;
			};
			name = Debug;
		};
		CBF00C6F2B6BFBEC009225C9 /* Release */ = {
			isa = XCBuildConfiguration;
			buildSettings = {
				ASSETCATALOG_COMPILER_APPICON_NAME = AppIcon;
				ASSETCATALOG_COMPILER_GLOBAL_ACCENT_COLOR_NAME = AccentColor;
				CODE_SIGN_STYLE = Automatic;
				CURRENT_PROJECT_VERSION = 1;
				DEVELOPMENT_TEAM = V2P7SXQF84;
				GENERATE_INFOPLIST_FILE = YES;
				INFOPLIST_FILE = PhotosGallery/Info.plist;
				INFOPLIST_KEY_UIApplicationSupportsIndirectInputEvents = YES;
				INFOPLIST_KEY_UILaunchStoryboardName = LaunchScreen;
				INFOPLIST_KEY_UISupportedInterfaceOrientations_iPad = "UIInterfaceOrientationPortrait UIInterfaceOrientationPortraitUpsideDown UIInterfaceOrientationLandscapeLeft UIInterfaceOrientationLandscapeRight";
				INFOPLIST_KEY_UISupportedInterfaceOrientations_iPhone = "UIInterfaceOrientationPortrait UIInterfaceOrientationLandscapeLeft UIInterfaceOrientationLandscapeRight";
				IPHONEOS_DEPLOYMENT_TARGET = 15.0;
				LD_RUNPATH_SEARCH_PATHS = (
					"$(inherited)",
					"@executable_path/Frameworks",
				);
				MARKETING_VERSION = 1.0;
				PRODUCT_BUNDLE_IDENTIFIER = rapic.PhotosGallery;
				PRODUCT_NAME = "$(TARGET_NAME)";
				SUPPORTED_PLATFORMS = "iphoneos iphonesimulator";
				SUPPORTS_MACCATALYST = NO;
				SUPPORTS_MAC_DESIGNED_FOR_IPHONE_IPAD = NO;
				SWIFT_EMIT_LOC_STRINGS = YES;
				SWIFT_VERSION = 5.0;
				TARGETED_DEVICE_FAMILY = 1;
			};
			name = Release;
		};
/* End XCBuildConfiguration section */

/* Begin XCConfigurationList section */
		CBF00C542B6BFBE9009225C9 /* Build configuration list for PBXProject "PhotosGallery" */ = {
			isa = XCConfigurationList;
			buildConfigurations = (
				CBF00C6B2B6BFBEC009225C9 /* Debug */,
				CBF00C6C2B6BFBEC009225C9 /* Release */,
			);
			defaultConfigurationIsVisible = 0;
			defaultConfigurationName = Release;
		};
		CBF00C6D2B6BFBEC009225C9 /* Build configuration list for PBXNativeTarget "PhotosGallery" */ = {
			isa = XCConfigurationList;
			buildConfigurations = (
				CBF00C6E2B6BFBEC009225C9 /* Debug */,
				CBF00C6F2B6BFBEC009225C9 /* Release */,
			);
			defaultConfigurationIsVisible = 0;
			defaultConfigurationName = Release;
		};
/* End XCConfigurationList section */

/* Begin XCRemoteSwiftPackageReference section */
		CBF00C762B6C1060009225C9 /* XCRemoteSwiftPackageReference "SnapKit" */ = {
			isa = XCRemoteSwiftPackageReference;
			repositoryURL = "https://github.com/SnapKit/SnapKit.git";
			requirement = {
				kind = upToNextMajorVersion;
				minimumVersion = 5.0.0;
			};
		};
		CBF00C852B72456A009225C9 /* XCRemoteSwiftPackageReference "SDWebImage" */ = {
			isa = XCRemoteSwiftPackageReference;
			repositoryURL = "https://github.com/SDWebImage/SDWebImage.git";
			requirement = {
				branch = master;
				kind = branch;
			};
		};
/* End XCRemoteSwiftPackageReference section */

/* Begin XCSwiftPackageProductDependency section */
		CBF00C772B6C1060009225C9 /* SnapKit */ = {
			isa = XCSwiftPackageProductDependency;
			package = CBF00C762B6C1060009225C9 /* XCRemoteSwiftPackageReference "SnapKit" */;
			productName = SnapKit;
		};
		CBF00C862B72456A009225C9 /* SDWebImage */ = {
			isa = XCSwiftPackageProductDependency;
			package = CBF00C852B72456A009225C9 /* XCRemoteSwiftPackageReference "SDWebImage" */;
			productName = SDWebImage;
		};
/* End XCSwiftPackageProductDependency section */
	};
	rootObject = CBF00C512B6BFBE9009225C9 /* Project object */;
}
